
Microsoft Visual Studio Solution File, Format Version 12.00
# Visual Studio Version 16
VisualStudioVersion = 16.0.30320.27
MinimumVisualStudioVersion = 10.0.40219.1
Project("{FAE04EC0-301F-11D3-BF4B-00C04F79EFBC}") = "GUCera", "GUCera\GUCera.csproj", "{7C18809A-C472-47B2-BA8A-12317A3B8376}"
EndProject
Global
	GlobalSection(SolutionConfigurationPlatforms) = preSolution
		Debug|Any CPU = Debug|Any CPU
		Release|Any CPU = Release|Any CPU
	EndGlobalSection
	GlobalSection(ProjectConfigurationPlatforms) = postSolution
		{7C18809A-C472-47B2-BA8A-12317A3B8376}.Debug|Any CPU.ActiveCfg = Debug|Any CPU
		{7C18809A-C472-47B2-BA8A-12317A3B8376}.Debug|Any CPU.Build.0 = Debug|Any CPU
		{7C18809A-C472-47B2-BA8A-12317A3B8376}.Release|Any CPU.ActiveCfg = Release|Any CPU
		{7C18809A-C472-47B2-BA8A-12317A3B8376}.Release|Any CPU.Build.0 = Release|Any CPU
	EndGlobalSection
	GlobalSection(SolutionProperties) = preSolution
		HideSolutionNode = FALSE
	EndGlobalSection
	GlobalSection(ExtensibilityGlobals) = postSolution
		SolutionGuid = {53556266-AE3F-4339-B45C-C52C59AA3274}
	EndGlobalSection
EndGlobal
